// !$*UTF8*$!
{
	archiveVersion = 1;
	classes = {
	};
	objectVersion = 50;
	objects = {

/* Begin PBXBuildFile section */
		A8417BC424890CAE004DE761 /* AppDelegate.swift in Sources */ = {isa = PBXBuildFile; fileRef = A8417BC324890CAE004DE761 /* AppDelegate.swift */; };
		A8417BC624890CAE004DE761 /* SceneDelegate.swift in Sources */ = {isa = PBXBuildFile; fileRef = A8417BC524890CAE004DE761 /* SceneDelegate.swift */; };
		A8417BCB24890CAE004DE761 /* Main.storyboard in Resources */ = {isa = PBXBuildFile; fileRef = A8417BC924890CAE004DE761 /* Main.storyboard */; };
		A8417BCD24890CB0004DE761 /* Assets.xcassets in Resources */ = {isa = PBXBuildFile; fileRef = A8417BCC24890CB0004DE761 /* Assets.xcassets */; };
		A8417BD024890CB0004DE761 /* LaunchScreen.storyboard in Resources */ = {isa = PBXBuildFile; fileRef = A8417BCE24890CB0004DE761 /* LaunchScreen.storyboard */; };
		A8417BDD24890DA8004DE761 /* MenuController.swift in Sources */ = {isa = PBXBuildFile; fileRef = A8417BDA24890DA8004DE761 /* MenuController.swift */; };
		A8417BDE24890DA8004DE761 /* HomeController.swift in Sources */ = {isa = PBXBuildFile; fileRef = A8417BDB24890DA8004DE761 /* HomeController.swift */; };
		A8417BDF24890DA8004DE761 /* ContainerController.swift in Sources */ = {isa = PBXBuildFile; fileRef = A8417BDC24890DA8004DE761 /* ContainerController.swift */; };
		A8417BE224891AC5004DE761 /* Protocols.swift in Sources */ = {isa = PBXBuildFile; fileRef = A8417BE124891AC5004DE761 /* Protocols.swift */; };
		A8417BE424891D8E004DE761 /* MenuOptionCell.swift in Sources */ = {isa = PBXBuildFile; fileRef = A8417BE324891D8E004DE761 /* MenuOptionCell.swift */; };
/* End PBXBuildFile section */

/* Begin PBXFileReference section */
		A8417BC024890CAE004DE761 /* TestingNav.app */ = {isa = PBXFileReference; explicitFileType = wrapper.application; includeInIndex = 0; path = TestingNav.app; sourceTree = BUILT_PRODUCTS_DIR; };
		A8417BC324890CAE004DE761 /* AppDelegate.swift */ = {isa = PBXFileReference; lastKnownFileType = sourcecode.swift; path = AppDelegate.swift; sourceTree = "<group>"; };
		A8417BC524890CAE004DE761 /* SceneDelegate.swift */ = {isa = PBXFileReference; lastKnownFileType = sourcecode.swift; path = SceneDelegate.swift; sourceTree = "<group>"; };
		A8417BCA24890CAE004DE761 /* Base */ = {isa = PBXFileReference; lastKnownFileType = file.storyboard; name = Base; path = Base.lproj/Main.storyboard; sourceTree = "<group>"; };
		A8417BCC24890CB0004DE761 /* Assets.xcassets */ = {isa = PBXFileReference; lastKnownFileType = folder.assetcatalog; path = Assets.xcassets; sourceTree = "<group>"; };
		A8417BCF24890CB0004DE761 /* Base */ = {isa = PBXFileReference; lastKnownFileType = file.storyboard; name = Base; path = Base.lproj/LaunchScreen.storyboard; sourceTree = "<group>"; };
		A8417BD124890CB0004DE761 /* Info.plist */ = {isa = PBXFileReference; lastKnownFileType = text.plist.xml; path = Info.plist; sourceTree = "<group>"; };
		A8417BDA24890DA8004DE761 /* MenuController.swift */ = {isa = PBXFileReference; fileEncoding = 4; lastKnownFileType = sourcecode.swift; path = MenuController.swift; sourceTree = "<group>"; };
		A8417BDB24890DA8004DE761 /* HomeController.swift */ = {isa = PBXFileReference; fileEncoding = 4; lastKnownFileType = sourcecode.swift; path = HomeController.swift; sourceTree = "<group>"; };
		A8417BDC24890DA8004DE761 /* ContainerController.swift */ = {isa = PBXFileReference; fileEncoding = 4; lastKnownFileType = sourcecode.swift; path = ContainerController.swift; sourceTree = "<group>"; };
		A8417BE124891AC5004DE761 /* Protocols.swift */ = {isa = PBXFileReference; lastKnownFileType = sourcecode.swift; path = Protocols.swift; sourceTree = "<group>"; };
		A8417BE324891D8E004DE761 /* MenuOptionCell.swift */ = {isa = PBXFileReference; lastKnownFileType = sourcecode.swift; path = MenuOptionCell.swift; sourceTree = "<group>"; };
/* End PBXFileReference section */

/* Begin PBXFrameworksBuildPhase section */
		A8417BBD24890CAE004DE761 /* Frameworks */ = {
			isa = PBXFrameworksBuildPhase;
			buildActionMask = 2147483647;
			files = (
			);
			runOnlyForDeploymentPostprocessing = 0;
		};
/* End PBXFrameworksBuildPhase section */

/* Begin PBXGroup section */
		A8417BB724890CAE004DE761 = {
			isa = PBXGroup;
			children = (
				A8417BC224890CAE004DE761 /* TestingNav */,
				A8417BC124890CAE004DE761 /* Products */,
			);
			sourceTree = "<group>";
		};
		A8417BC124890CAE004DE761 /* Products */ = {
			isa = PBXGroup;
			children = (
				A8417BC024890CAE004DE761 /* TestingNav.app */,
			);
			name = Products;
			sourceTree = "<group>";
		};
		A8417BC224890CAE004DE761 /* TestingNav */ = {
			isa = PBXGroup;
			children = (
				A8417BE024891AB4004DE761 /* Utils */,
				A8417BD924890CC5004DE761 /* Controller */,
				A8417BD824890CBE004DE761 /* View */,
				A8417BD724890CB9004DE761 /* Model */,
				A8417BC324890CAE004DE761 /* AppDelegate.swift */,
				A8417BC524890CAE004DE761 /* SceneDelegate.swift */,
				A8417BC924890CAE004DE761 /* Main.storyboard */,
				A8417BCC24890CB0004DE761 /* Assets.xcassets */,
				A8417BCE24890CB0004DE761 /* LaunchScreen.storyboard */,
				A8417BD124890CB0004DE761 /* Info.plist */,
			);
			path = TestingNav;
			sourceTree = "<group>";
		};
		A8417BD724890CB9004DE761 /* Model */ = {
			isa = PBXGroup;
			children = (
			);
			path = Model;
			sourceTree = "<group>";
		};
		A8417BD824890CBE004DE761 /* View */ = {
			isa = PBXGroup;
			children = (
				A8417BE324891D8E004DE761 /* MenuOptionCell.swift */,
			);
			path = View;
			sourceTree = "<group>";
		};
		A8417BD924890CC5004DE761 /* Controller */ = {
			isa = PBXGroup;
			children = (
				A8417BDC24890DA8004DE761 /* ContainerController.swift */,
				A8417BDB24890DA8004DE761 /* HomeController.swift */,
				A8417BDA24890DA8004DE761 /* MenuController.swift */,
			);
			path = Controller;
			sourceTree = "<group>";
		};
		A8417BE024891AB4004DE761 /* Utils */ = {
			isa = PBXGroup;
			children = (
				A8417BE124891AC5004DE761 /* Protocols.swift */,
			);
			path = Utils;
			sourceTree = "<group>";
		};
/* End PBXGroup section */

/* Begin PBXNativeTarget section */
		A8417BBF24890CAE004DE761 /* TestingNav */ = {
			isa = PBXNativeTarget;
			buildConfigurationList = A8417BD424890CB0004DE761 /* Build configuration list for PBXNativeTarget "TestingNav" */;
			buildPhases = (
				A8417BBC24890CAE004DE761 /* Sources */,
				A8417BBD24890CAE004DE761 /* Frameworks */,
				A8417BBE24890CAE004DE761 /* Resources */,
			);
			buildRules = (
			);
			dependencies = (
			);
			name = TestingNav;
			productName = TestingNav;
			productReference = A8417BC024890CAE004DE761 /* TestingNav.app */;
			productType = "com.apple.product-type.application";
		};
/* End PBXNativeTarget section */

/* Begin PBXProject section */
		A8417BB824890CAE004DE761 /* Project object */ = {
			isa = PBXProject;
			attributes = {
				LastSwiftUpdateCheck = 1140;
				LastUpgradeCheck = 1140;
				ORGANIZATIONNAME = SacchirroApp;
				TargetAttributes = {
					A8417BBF24890CAE004DE761 = {
						CreatedOnToolsVersion = 11.4;
					};
				};
			};
			buildConfigurationList = A8417BBB24890CAE004DE761 /* Build configuration list for PBXProject "TestingNav" */;
			compatibilityVersion = "Xcode 9.3";
			developmentRegion = en;
			hasScannedForEncodings = 0;
			knownRegions = (
				en,
				Base,
			);
			mainGroup = A8417BB724890CAE004DE761;
			productRefGroup = A8417BC124890CAE004DE761 /* Products */;
			projectDirPath = "";
			projectRoot = "";
			targets = (
				A8417BBF24890CAE004DE761 /* TestingNav */,
			);
		};
/* End PBXProject section */

/* Begin PBXResourcesBuildPhase section */
		A8417BBE24890CAE004DE761 /* Resources */ = {
			isa = PBXResourcesBuildPhase;
			buildActionMask = 2147483647;
			files = (
				A8417BD024890CB0004DE761 /* LaunchScreen.storyboard in Resources */,
				A8417BCD24890CB0004DE761 /* Assets.xcassets in Resources */,
				A8417BCB24890CAE004DE761 /* Main.storyboard in Resources */,
			);
			runOnlyForDeploymentPostprocessing = 0;
		};
/* End PBXResourcesBuildPhase section */

/* Begin PBXSourcesBuildPhase section */
		A8417BBC24890CAE004DE761 /* Sources */ = {
			isa = PBXSourcesBuildPhase;
			buildActionMask = 2147483647;
			files = (
				A8417BE424891D8E004DE761 /* MenuOptionCell.swift in Sources */,
				A8417BDD24890DA8004DE761 /* MenuController.swift in Sources */,
				A8417BC424890CAE004DE761 /* AppDelegate.swift in Sources */,
				A8417BC624890CAE004DE761 /* SceneDelegate.swift in Sources */,
				A8417BE224891AC5004DE761 /* Protocols.swift in Sources */,
				A8417BDE24890DA8004DE761 /* HomeController.swift in Sources */,
				A8417BDF24890DA8004DE761 /* ContainerController.swift in Sources */,
			);
			runOnlyForDeploymentPostprocessing = 0;
		};
/* End PBXSourcesBuildPhase section */

/* Begin PBXVariantGroup section */
		A8417BC924890CAE004DE761 /* Main.storyboard */ = {
			isa = PBXVariantGroup;
			children = (
				A8417BCA24890CAE004DE761 /* Base */,
			);
			name = Main.storyboard;
			sourceTree = "<group>";
		};
		A8417BCE24890CB0004DE761 /* LaunchScreen.storyboard */ = {
			isa = PBXVariantGroup;
			children = (
				A8417BCF24890CB0004DE761 /* Base */,
			);
			name = LaunchScreen.storyboard;
			sourceTree = "<group>";
		};
/* End PBXVariantGroup section */

/* Begin XCBuildConfiguration section */
		A8417BD224890CB0004DE761 /* Debug */ = {
			isa = XCBuildConfiguration;
			buildSettings = {
				ALWAYS_SEARCH_USER_PATHS = NO;
				CLANG_ANALYZER_NONNULL = YES;
				CLANG_ANALYZER_NUMBER_OBJECT_CONVERSION = YES_AGGRESSIVE;
				CLANG_CXX_LANGUAGE_STANDARD = "gnu++14";
				CLANG_CXX_LIBRARY = "libc++";
				CLANG_ENABLE_MODULES = YES;
				CLANG_ENABLE_OBJC_ARC = YES;
				CLANG_ENABLE_OBJC_WEAK = YES;
				CLANG_WARN_BLOCK_CAPTURE_AUTORELEASING = YES;
				CLANG_WARN_BOOL_CONVERSION = YES;
				CLANG_WARN_COMMA = YES;
				CLANG_WARN_CONSTANT_CONVERSION = YES;
				CLANG_WARN_DEPRECATED_OBJC_IMPLEMENTATIONS = YES;
				CLANG_WARN_DIRECT_OBJC_ISA_USAGE = YES_ERROR;
				CLANG_WARN_DOCUMENTATION_COMMENTS = YES;
				CLANG_WARN_EMPTY_BODY = YES;
				CLANG_WARN_ENUM_CONVERSION = YES;
				CLANG_WARN_INFINITE_RECURSION = YES;
				CLANG_WARN_INT_CONVERSION = YES;
				CLANG_WARN_NON_LITERAL_NULL_CONVERSION = YES;
				CLANG_WARN_OBJC_IMPLICIT_RETAIN_SELF = YES;
				CLANG_WARN_OBJC_LITERAL_CONVERSION = YES;
				CLANG_WARN_OBJC_ROOT_CLASS = YES_ERROR;
				CLANG_WARN_RANGE_LOOP_ANALYSIS = YES;
				CLANG_WARN_STRICT_PROTOTYPES = YES;
				CLANG_WARN_SUSPICIOUS_MOVE = YES;
				CLANG_WARN_UNGUARDED_AVAILABILITY = YES_AGGRESSIVE;
				CLANG_WARN_UNREACHABLE_CODE = YES;
				CLANG_WARN__DUPLICATE_METHOD_MATCH = YES;
				COPY_PHASE_STRIP = NO;
				DEBUG_INFORMATION_FORMAT = dwarf;
				ENABLE_STRICT_OBJC_MSGSEND = YES;
				ENABLE_TESTABILITY = YES;
				GCC_C_LANGUAGE_STANDARD = gnu11;
				GCC_DYNAMIC_NO_PIC = NO;
				GCC_NO_COMMON_BLOCKS = YES;
				GCC_OPTIMIZATION_LEVEL = 0;
				GCC_PREPROCESSOR_DEFINITIONS = (
					"DEBUG=1",
					"$(inherited)",
				);
				GCC_WARN_64_TO_32_BIT_CONVERSION = YES;
				GCC_WARN_ABOUT_RETURN_TYPE = YES_ERROR;
				GCC_WARN_UNDECLARED_SELECTOR = YES;
				GCC_WARN_UNINITIALIZED_AUTOS = YES_AGGRESSIVE;
				GCC_WARN_UNUSED_FUNCTION = YES;
				GCC_WARN_UNUSED_VARIABLE = YES;
				IPHONEOS_DEPLOYMENT_TARGET = 13.4;
				MTL_ENABLE_DEBUG_INFO = INCLUDE_SOURCE;
				MTL_FAST_MATH = YES;
				ONLY_ACTIVE_ARCH = YES;
				SDKROOT = iphoneos;
				SWIFT_ACTIVE_COMPILATION_CONDITIONS = DEBUG;
				SWIFT_OPTIMIZATION_LEVEL = "-Onone";
			};
			name = Debug;
		};
		A8417BD324890CB0004DE761 /* Release */ = {
			isa = XCBuildConfiguration;
			buildSettings = {
				ALWAYS_SEARCH_USER_PATHS = NO;
				CLANG_ANALYZER_NONNULL = YES;
				CLANG_ANALYZER_NUMBER_OBJECT_CONVERSION = YES_AGGRESSIVE;
				CLANG_CXX_LANGUAGE_STANDARD = "gnu++14";
				CLANG_CXX_LIBRARY = "libc++";
				CLANG_ENABLE_MODULES = YES;
				CLANG_ENABLE_OBJC_ARC = YES;
				CLANG_ENABLE_OBJC_WEAK = YES;
				CLANG_WARN_BLOCK_CAPTURE_AUTORELEASING = YES;
				CLANG_WARN_BOOL_CONVERSION = YES;
				CLANG_WARN_COMMA = YES;
				CLANG_WARN_CONSTANT_CONVERSION = YES;
				CLANG_WARN_DEPRECATED_OBJC_IMPLEMENTATIONS = YES;
				CLANG_WARN_DIRECT_OBJC_ISA_USAGE = YES_ERROR;
				CLANG_WARN_DOCUMENTATION_COMMENTS = YES;
				CLANG_WARN_EMPTY_BODY = YES;
				CLANG_WARN_ENUM_CONVERSION = YES;
				CLANG_WARN_INFINITE_RECURSION = YES;
				CLANG_WARN_INT_CONVERSION = YES;
				CLANG_WARN_NON_LITERAL_NULL_CONVERSION = YES;
				CLANG_WARN_OBJC_IMPLICIT_RETAIN_SELF = YES;
				CLANG_WARN_OBJC_LITERAL_CONVERSION = YES;
				CLANG_WARN_OBJC_ROOT_CLASS = YES_ERROR;
				CLANG_WARN_RANGE_LOOP_ANALYSIS = YES;
				CLANG_WARN_STRICT_PROTOTYPES = YES;
				CLANG_WARN_SUSPICIOUS_MOVE = YES;
				CLANG_WARN_UNGUARDED_AVAILABILITY = YES_AGGRESSIVE;
				CLANG_WARN_UNREACHABLE_CODE = YES;
				CLANG_WARN__DUPLICATE_METHOD_MATCH = YES;
				COPY_PHASE_STRIP = NO;
				DEBUG_INFORMATION_FORMAT = "dwarf-with-dsym";
				ENABLE_NS_ASSERTIONS = NO;
				ENABLE_STRICT_OBJC_MSGSEND = YES;
				GCC_C_LANGUAGE_STANDARD = gnu11;
				GCC_NO_COMMON_BLOCKS = YES;
				GCC_WARN_64_TO_32_BIT_CONVERSION = YES;
				GCC_WARN_ABOUT_RETURN_TYPE = YES_ERROR;
				GCC_WARN_UNDECLARED_SELECTOR = YES;
				GCC_WARN_UNINITIALIZED_AUTOS = YES_AGGRESSIVE;
				GCC_WARN_UNUSED_FUNCTION = YES;
				GCC_WARN_UNUSED_VARIABLE = YES;
				IPHONEOS_DEPLOYMENT_TARGET = 13.4;
				MTL_ENABLE_DEBUG_INFO = NO;
				MTL_FAST_MATH = YES;
				SDKROOT = iphoneos;
				SWIFT_COMPILATION_MODE = wholemodule;
				SWIFT_OPTIMIZATION_LEVEL = "-O";
				VALIDATE_PRODUCT = YES;
			};
			name = Release;
		};
		A8417BD524890CB0004DE761 /* Debug */ = {
			isa = XCBuildConfiguration;
			buildSettings = {
				ASSETCATALOG_COMPILER_APPICON_NAME = AppIcon;
				CODE_SIGN_STYLE = Automatic;
				DEVELOPMENT_TEAM = V4K5YH54KD;
				INFOPLIST_FILE = TestingNav/Info.plist;
				LD_RUNPATH_SEARCH_PATHS = (
					"$(inherited)",
					"@executable_path/Frameworks",
				);
				PRODUCT_BUNDLE_IDENTIFIER = com.sacchirroapp.TestingNav;
				PRODUCT_NAME = "$(TARGET_NAME)";
				SWIFT_VERSION = 5.0;
				TARGETED_DEVICE_FAMILY = "1,2";
			};
			name = Debug;
		};
		A8417BD624890CB0004DE761 /* Release */ = {
			isa = XCBuildConfiguration;
			buildSettings = {
				ASSETCATALOG_COMPILER_APPICON_NAME = AppIcon;
				CODE_SIGN_STYLE = Automatic;
				DEVELOPMENT_TEAM = V4K5YH54KD;
				INFOPLIST_FILE = TestingNav/Info.plist;
				LD_RUNPATH_SEARCH_PATHS = (
					"$(inherited)",
					"@executable_path/Frameworks",
				);
				PRODUCT_BUNDLE_IDENTIFIER = com.sacchirroapp.TestingNav;
				PRODUCT_NAME = "$(TARGET_NAME)";
				SWIFT_VERSION = 5.0;
				TARGETED_DEVICE_FAMILY = "1,2";
			};
			name = Release;
		};
/* End XCBuildConfiguration section */

/* Begin XCConfigurationList section */
		A8417BBB24890CAE004DE761 /* Build configuration list for PBXProject "TestingNav" */ = {
			isa = XCConfigurationList;
			buildConfigurations = (
				A8417BD224890CB0004DE761 /* Debug */,
				A8417BD324890CB0004DE761 /* Release */,
			);
			defaultConfigurationIsVisible = 0;
			defaultConfigurationName = Release;
		};
		A8417BD424890CB0004DE761 /* Build configuration list for PBXNativeTarget "TestingNav" */ = {
			isa = XCConfigurationList;
			buildConfigurations = (
				A8417BD524890CB0004DE761 /* Debug */,
				A8417BD624890CB0004DE761 /* Release */,
			);
			defaultConfigurationIsVisible = 0;
			defaultConfigurationName = Release;
		};
/* End XCConfigurationList section */
	};
	rootObject = A8417BB824890CAE004DE761 /* Project object */;
}
